<?xml version="1.0" encoding="utf-8"?>
<Project ToolsVersion="4.0" xmlns="http://schemas.microsoft.com/developer/msbuild/2003">
  <ItemGroup>
    <ClCompile Include="App.cpp">
      <Filter>App</Filter>
    </ClCompile>
    <ClCompile Include="Func.cpp">
      <Filter>Func</Filter>
    </ClCompile>
    <ClCompile Include="Player.cpp">
      <Filter>Player</Filter>
    </ClCompile>
    <ClCompile Include="Rain.cpp">
      <Filter>Rain</Filter>
    </ClCompile>
    <ClCompile Include="main.cpp" />
  </ItemGroup>
  <ItemGroup>
    <Filter Include="App">
      <UniqueIdentifier>{770f84e3-a1cd-47fd-8fd7-c46349e4f855}</UniqueIdentifier>
    </Filter>
    <Filter Include="Func">
      <UniqueIdentifier>{19e12b8f-e111-46d1-95a3-bff834b3a442}</UniqueIdentifier>
    </Filter>
    <Filter Include="Player">
      <UniqueIdentifier>{5945d196-285f-4c1d-822f-184f911740e3}</UniqueIdentifier>
    </Filter>
    <Filter Include="Rain">
      <UniqueIdentifier>{ab929fa8-fc6f-4ced-9754-b3e150b02877}</UniqueIdentifier>
    </Filter>
  </ItemGroup>
  <ItemGroup>
    <ClInclude Include="App.h">
      <Filter>App</Filter>
    </ClInclude>
    <ClInclude Include="Func.h">
      <Filter>Func</Filter>
    </ClInclude>
    <ClInclude Include="Player.h">
      <Filter>Player</Filter>
    </ClInclude>
    <ClInclude Include="Rain.h">
      <Filter>Rain</Filter>
    </ClInclude>
  </ItemGroup>
</Project>