
Microsoft Visual Studio Solution File, Format Version 10.00
# Visual Studio 2008
Project("{8BC9CEB8-8B4A-11D0-8D11-00A0C91BC942}") = "jhikj", "jhikj\jhikj.vcproj", "{134AAB71-AFFC-407E-95F5-4C64AF38474D}"
EndProject
Global
	GlobalSection(SolutionConfigurationPlatforms) = preSolution
		Debug|Win32 = Debug|Win32
		Release|Win32 = Release|Win32
	EndGlobalSection
	GlobalSection(ProjectConfigurationPlatforms) = postSolution
		{134AAB71-AFFC-407E-95F5-4C64AF38474D}.Debug|Win32.ActiveCfg = Debug|Win32
		{134AAB71-AFFC-407E-95F5-4C64AF38474D}.Debug|Win32.Build.0 = Debug|Win32
		{134AAB71-AFFC-407E-95F5-4C64AF38474D}.Release|Win32.ActiveCfg = Release|Win32
		{134AAB71-AFFC-407E-95F5-4C64AF38474D}.Release|Win32.Build.0 = Release|Win32
	EndGlobalSection
	GlobalSection(SolutionProperties) = preSolution
		HideSolutionNode = FALSE
	EndGlobalSection
EndGlobal
